{
  "name": "tv-series-movies-club",
  "version": "1.0.0",
  "lockfileVersion": 2,
  "requires": true,
  "packages": {
    "": {
      "name": "tv-series-movies-club",
      "version": "1.0.0",
      "dependencies": {
        "axios": "^1.7.2",
        "react": "^18.2.0",
        "react-dom": "^18.2.0",
        "react-router-dom": "^6.23.1"
      },
      "devDependencies": {
        "@testing-library/react": "^16.0.0",
        "@testing-library/jest-dom": "^6.4.6",
        "jest": "^29.7.0"
      }
    },
    "node_modules/axios": {
      "version": "1.7.2",
      "resolved": "https://registry.npmjs.org/axios/-/axios-1.7.2.tgz",
      "integrity": "sha512-2A8QhOMrbomlDuiLeK9XibIBzKvQb6JpToX/PhDtsC1B/yRCiMZl30bNtne9BSjYq3X7A4fT3fbP8v2JiL6T4Kg==",
      "dependencies": {
        "follow-redirects": "^1.15.6",
        "form-data": "^4.0.0",
        "proxy-from-env": "^1.1.0"
      }
    },
    "node_modules/react": {
      "version": "18.2.0",
      "resolved": "https://registry.npmjs.org/react/-/react-18.2.0.tgz",
      "integrity": "sha512-/3IjMdb2L9QbBdWiW5e3P2/npwMBaU9mHCSCUzNln0ZCYbcfTsGbTJrU/kGemdH2IWmB2ioZ+zkxtmq6g09fGQ==",
      "dependencies": {
        "loose-envify": "^1.1.0"
      }
    },
    "node_modules/react-dom": {
      "version": "18.2.0",
      "resolved": "https://registry.npmjs.org/react-dom/-/react-dom-18.2.0.tgz",
      "integrity": "sha512-6IMTriUmvsjHUjNtEDudZfuDQUoWXVxKHhlEGSk81n4YFS+r/Kl99wXiwlVXtPBtJenozv2P+hxDsw9eA7Xo6g==",
      "dependencies": {
        "loose-envify": "^1.1.0",
        "scheduler": "^0.23.0"
      }
    },
    "node_modules/react-router-dom": {
      "version": "6.23.1",
      "resolved": "https://registry.npmjs.org/react-router-dom/-/react-router-dom-6.23.1.tgz",
      "integrity": "sha512-utP+K+aSTtEdbWpC+4gxhdlPFwuEfDKq8ZrPFU65bbRJY+l706qjR7yaidBpo3MSeA/fzwbXWbKBI3dexdFs9Tg==",
      "dependencies": {
        "@remix-run/router": "1.16.1",
        "react-router": "6.23.1"
      }
    },
    "node_modules/@testing-library/react": {
      "version": "16.0.0",
      "resolved": "https://registry.npmjs.org/@testing-library/react/-/react-16.0.0.tgz",
      "integrity": "sha512-guuxfIpjmnyfCYd4AaBHf4puWfs2u0lMpiG8H3f5o1IDx6OQB5w5WULS4XbBnuReb7lQv9vQ5X3iHo1S0v4vZw==",
      "dev": true,
      "dependencies": {
        "@testing-library/dom": "^10.0.0"
      }
    },
    "node_modules/@testing-library/jest-dom": {
      "version": "6.4.6",
      "resolved": "https://registry.npmjs.org/@testing-library/jest-dom/-/jest-dom-6.4.6.tgz",
      "integrity": "sha512-8qpnGV8+1t8waFEJ7F2Gr3KyM+nlL3P6j1HArY9qtiUr OlNu4KIkdiyq4goO2bS3kZ3TABydL0heml3edMfk4g==",
      "dev": true,
      "dependencies": {
        "@adobe/css-tools": "^4.4.0",
        "chalk": "^4.1.2",
        "css.escape": "^1.5.1"
      }
    },
    "node_modules/jest": {
      "version": "29.7.0",
      "resolved": "https://registry.npmjs.org/jest/-/jest-29.7.0.tgz",
      "integrity": "sha512-NcaA1pd7b5sAi4n8vVvH63YHQnGQ0e6PIq01Jpnpg1vTM0P1qX+3rLPb5wyxJdlf6evmBL1X5A3ush5q54fNExQ==",
      "dev": true,
      "dependencies": {
        "@jest/core": "^29.7.0",
        "@jest/types": "^29.6.3",
        "import-local": "^3.0.2",
        "jest-cli": "^29.7.0"
      }
    }
  },
  "dependencies": {
    "axios": {
      "version": "1.7.2",
      "resolved": "https://registry.npmjs.org/axios/-/axios-1.7.2.tgz",
      "integrity": "sha512-2A8QhOMrbomlDuiLeK9XibIBzKvQb6JpToX/PhDtsC1B/yRCiMZl30bNtne9BSjYq3X7A4fT3fbP8v2JiL6T4Kg==",
      "requires": {
        "follow-redirects": "^1.15.6",
        "form-data": "^4.0.0",
        "proxy-from-env": "^1.1.0"
      }
    },
    "react": {
      "version": "18.2.0",
      "resolved": "https://registry.npmjs.org/react/-/react-18.2.0.tgz",
      "integrity": "sha512-/3IjMdb2L9QbBdWiW5e3P2/npwMBaU9mHCSCUzNln0ZCYbcfTsGbTJrU/kGemdH2IWmB2ioZ+zkxtmq6g09fGQ==",
      "requires": {
        "loose-envify": "^1.1.0"
      }
    },
    "react-dom": {
      "version": "18.2.0",
      "resolved": "https://registry.npmjs.org/react-dom/-/react-dom-18.2.0.tgz",
      "integrity": "sha512-6IMTriUmvsjHUjNtEDudZfuDQUoWXVxKHhlEGSk81n4YFS+r/Kl99wXiwlVXtPBtJenozv2P+hxDsw9eA7Xo6g==",
      "requires": {
        "loose-envify": "^1.1.0",
        "scheduler": "^0.23.0"
      }
    },
    "react-router-dom": {
      "version": "6.23.1",
      "resolved": "https://registry.npmjs.org/react-router-dom/-/react-router-dom-6.23.1.tgz",
      "integrity": "sha512-utP+K+aSTtEdbWpC+4gxhdlPFwuEfDKq8ZrPFU65bbRJY+l706qjR7yaidBpo3MSeA/fzwbXWbKBI3dexdFs9Tg==",
      "requires": {
        "@remix-run/router": "1.16.1",
        "react-router": "6.23.1"
      }
    },
    "@testing-library/react": {
      "version": "16.0.0",
      "resolved": "https://registry.npmjs.org/@testing-library/react/-/react-16.0.0.tgz",
      "integrity": "sha512-guuxfIpjmnyfCYd4AaBHf4puWfs2u0lMpiG8H3f5o1IDx6OQB5w5WULS4XbBnuReb7lQv9vQ5X3iHo1S0v4vZw==",
      "dev": true,
      "requires": {
        "@testing-library/dom": "^10.0.0"
      }
    },
    "@testing-library/jest-dom": {
      "version": "6.4.6",
      "resolved": "https://registry.npmjs.org/@testing-library/jest-dom/-/jest-dom-6.4.6.tgz",
      "integrity": "sha512-8qpnGV8+1t8waFEJ7F2Gr3KyM+nlL3P6j1HArY9qtiUrOlNu4KIkdiyq4goO2bS3kZ3TABydL0heml3edMfk4g==",
      "dev": true,
      "requires": {
        "@adobe/css-tools": "^4.4.0",
        "chalk": "^4.1.2",
        "css.escape": "^1.5.1"
      }
    },
    "jest": {
      "version": "29.7.0",
      "resolved": "https://registry.npmjs.org/jest/-/jest-29.7.0.tgz",
      "integrity": "sha512-NcaA1pd7b5sAi4n8vVvH63YHQnGQ0e6PIq01Jpnpg1vTM0P1qX+3rLPb5wyxJdlf6evmBL1X5A3ush5q54fNExQ==",
      "dev": true,
      "requires": {
        "@jest/core": "^29.7.0",
        "@jest/types": "^29.6.3",
        "import-local": "^3.0.2",
        "jest-cli": "^29.7.0"
      }
    }
  }
}